
Microsoft Visual Studio Solution File, Format Version 12.00
# Visual Studio Version 16
VisualStudioVersion = 16.0.29424.173
MinimumVisualStudioVersion = 10.0.40219.1
Project("{FAE04EC0-301F-11D3-BF4B-00C04F79EFBC}") = "ConsoleApp1", "ConsoleApp1\ConsoleApp1.csproj", "{BF6AD503-6EF8-468A-9304-C41C70D32BDB}"
EndProject
Project("{FAE04EC0-301F-11D3-BF4B-00C04F79EFBC}") = "UnitTestProject1", "UnitTestProject1\UnitTestProject1.csproj", "{10CF1FC6-F2D2-41AD-95C4-04AF89B5E1E1}"
EndProject
Global
	GlobalSection(SolutionConfigurationPlatforms) = preSolution
		Debug|Any CPU = Debug|Any CPU
		Release|Any CPU = Release|Any CPU
	EndGlobalSection
	GlobalSection(ProjectConfigurationPlatforms) = postSolution
		{BF6AD503-6EF8-468A-9304-C41C70D32BDB}.Debug|Any CPU.ActiveCfg = Debug|Any CPU
		{BF6AD503-6EF8-468A-9304-C41C70D32BDB}.Debug|Any CPU.Build.0 = Debug|Any CPU
		{BF6AD503-6EF8-468A-9304-C41C70D32BDB}.Release|Any CPU.ActiveCfg = Release|Any CPU
		{BF6AD503-6EF8-468A-9304-C41C70D32BDB}.Release|Any CPU.Build.0 = Release|Any CPU
		{10CF1FC6-F2D2-41AD-95C4-04AF89B5E1E1}.Debug|Any CPU.ActiveCfg = Debug|Any CPU
		{10CF1FC6-F2D2-41AD-95C4-04AF89B5E1E1}.Debug|Any CPU.Build.0 = Debug|Any CPU
		{10CF1FC6-F2D2-41AD-95C4-04AF89B5E1E1}.Release|Any CPU.ActiveCfg = Release|Any CPU
		{10CF1FC6-F2D2-41AD-95C4-04AF89B5E1E1}.Release|Any CPU.Build.0 = Release|Any CPU
	EndGlobalSection
	GlobalSection(SolutionProperties) = preSolution
		HideSolutionNode = FALSE
	EndGlobalSection
	GlobalSection(ExtensibilityGlobals) = postSolution
		SolutionGuid = {BB31D2D4-EDA9-44F0-B1B1-A9E22CB1817E}
	EndGlobalSection
EndGlobal
